// !$*UTF8*$!
{
	archiveVersion = 1;
	classes = {
	};
	objectVersion = 77;
	objects = {

/* Begin PBXBuildFile section */
		AA41AC122CA46C76003CD62C /* ConvexMobile in Frameworks */ = {isa = PBXBuildFile; productRef = AA41AC112CA46C76003CD62C /* ConvexMobile */; };
		AA41AC152CA46C8C003CD62C /* ConvexAuth0 in Frameworks */ = {isa = PBXBuildFile; productRef = AA41AC142CA46C8C003CD62C /* ConvexAuth0 */; };
		AA41AC422CA48B9A003CD62C /* ConvexMobile in Frameworks */ = {isa = PBXBuildFile; productRef = AA41AC412CA48B9A003CD62C /* ConvexMobile */; };
		AA41AC452CA48BA7003CD62C /* ConvexAuth0 in Frameworks */ = {isa = PBXBuildFile; productRef = AA41AC442CA48BA7003CD62C /* ConvexAuth0 */; };
/* End PBXBuildFile section */

/* Begin PBXContainerItemProxy section */
		AAD575D12CA3172F00BFCAEF /* PBXContainerItemProxy */ = {
			isa = PBXContainerItemProxy;
			containerPortal = AAD575B82CA3172C00BFCAEF /* Project object */;
			proxyType = 1;
			remoteGlobalIDString = AAD575BF2CA3172C00BFCAEF;
			remoteInfo = WorkoutTracker;
		};
		AAD575DB2CA3172F00BFCAEF /* PBXContainerItemProxy */ = {
			isa = PBXContainerItemProxy;
			containerPortal = AAD575B82CA3172C00BFCAEF /* Project object */;
			proxyType = 1;
			remoteGlobalIDString = AAD575BF2CA3172C00BFCAEF;
			remoteInfo = WorkoutTracker;
		};
/* End PBXContainerItemProxy section */

/* Begin PBXFileReference section */
		AAD575C02CA3172C00BFCAEF /* WorkoutTracker.app */ = {isa = PBXFileReference; explicitFileType = wrapper.application; includeInIndex = 0; path = WorkoutTracker.app; sourceTree = BUILT_PRODUCTS_DIR; };
		AAD575D02CA3172F00BFCAEF /* WorkoutTrackerTests.xctest */ = {isa = PBXFileReference; explicitFileType = wrapper.cfbundle; includeInIndex = 0; path = WorkoutTrackerTests.xctest; sourceTree = BUILT_PRODUCTS_DIR; };
		AAD575DA2CA3172F00BFCAEF /* WorkoutTrackerUITests.xctest */ = {isa = PBXFileReference; explicitFileType = wrapper.cfbundle; includeInIndex = 0; path = WorkoutTrackerUITests.xctest; sourceTree = BUILT_PRODUCTS_DIR; };
/* End PBXFileReference section */

/* Begin PBXFileSystemSynchronizedBuildFileExceptionSet section */
		AAA3940F2CB44AA800AD7F77 /* Exceptions for "WorkoutTracker" folder in "WorkoutTracker" target */ = {
			isa = PBXFileSystemSynchronizedBuildFileExceptionSet;
			membershipExceptions = (
				Info.plist,
			);
			target = AAD575BF2CA3172C00BFCAEF /* WorkoutTracker */;
		};
/* End PBXFileSystemSynchronizedBuildFileExceptionSet section */

/* Begin PBXFileSystemSynchronizedRootGroup section */
		AAD575C22CA3172C00BFCAEF /* WorkoutTracker */ = {
			isa = PBXFileSystemSynchronizedRootGroup;
			exceptions = (
				AAA3940F2CB44AA800AD7F77 /* Exceptions for "WorkoutTracker" folder in "WorkoutTracker" target */,
			);
			path = WorkoutTracker;
			sourceTree = "<group>";
		};
		AAD575D32CA3172F00BFCAEF /* WorkoutTrackerTests */ = {
			isa = PBXFileSystemSynchronizedRootGroup;
			path = WorkoutTrackerTests;
			sourceTree = "<group>";
		};
		AAD575DD2CA3172F00BFCAEF /* WorkoutTrackerUITests */ = {
			isa = PBXFileSystemSynchronizedRootGroup;
			path = WorkoutTrackerUITests;
			sourceTree = "<group>";
		};
/* End PBXFileSystemSynchronizedRootGroup section */

/* Begin PBXFrameworksBuildPhase section */
		AAD575BD2CA3172C00BFCAEF /* Frameworks */ = {
			isa = PBXFrameworksBuildPhase;
			buildActionMask = 2147483647;
			files = (
				AA41AC452CA48BA7003CD62C /* ConvexAuth0 in Frameworks */,
				AA41AC152CA46C8C003CD62C /* ConvexAuth0 in Frameworks */,
				AA41AC122CA46C76003CD62C /* ConvexMobile in Frameworks */,
				AA41AC422CA48B9A003CD62C /* ConvexMobile in Frameworks */,
			);
			runOnlyForDeploymentPostprocessing = 0;
		};
		AAD575CD2CA3172F00BFCAEF /* Frameworks */ = {
			isa = PBXFrameworksBuildPhase;
			buildActionMask = 2147483647;
			files = (
			);
			runOnlyForDeploymentPostprocessing = 0;
		};
		AAD575D72CA3172F00BFCAEF /* Frameworks */ = {
			isa = PBXFrameworksBuildPhase;
			buildActionMask = 2147483647;
			files = (
			);
			runOnlyForDeploymentPostprocessing = 0;
		};
/* End PBXFrameworksBuildPhase section */

/* Begin PBXGroup section */
		AAD575B72CA3172C00BFCAEF = {
			isa = PBXGroup;
			children = (
				AAD575C22CA3172C00BFCAEF /* WorkoutTracker */,
				AAD575D32CA3172F00BFCAEF /* WorkoutTrackerTests */,
				AAD575DD2CA3172F00BFCAEF /* WorkoutTrackerUITests */,
				AAD575C12CA3172C00BFCAEF /* Products */,
			);
			sourceTree = "<group>";
		};
		AAD575C12CA3172C00BFCAEF /* Products */ = {
			isa = PBXGroup;
			children = (
				AAD575C02CA3172C00BFCAEF /* WorkoutTracker.app */,
				AAD575D02CA3172F00BFCAEF /* WorkoutTrackerTests.xctest */,
				AAD575DA2CA3172F00BFCAEF /* WorkoutTrackerUITests.xctest */,
			);
			name = Products;
			sourceTree = "<group>";
		};
/* End PBXGroup section */

/* Begin PBXNativeTarget section */
		AAD575BF2CA3172C00BFCAEF /* WorkoutTracker */ = {
			isa = PBXNativeTarget;
			buildConfigurationList = AAD575E42CA3172F00BFCAEF /* Build configuration list for PBXNativeTarget "WorkoutTracker" */;
			buildPhases = (
				AAD575BC2CA3172C00BFCAEF /* Sources */,
				AAD575BD2CA3172C00BFCAEF /* Frameworks */,
				AAD575BE2CA3172C00BFCAEF /* Resources */,
			);
			buildRules = (
			);
			dependencies = (
			);
			fileSystemSynchronizedGroups = (
				AAD575C22CA3172C00BFCAEF /* WorkoutTracker */,
			);
			name = WorkoutTracker;
			packageProductDependencies = (
				AA41AC112CA46C76003CD62C /* ConvexMobile */,
				AA41AC142CA46C8C003CD62C /* ConvexAuth0 */,
				AA41AC412CA48B9A003CD62C /* ConvexMobile */,
				AA41AC442CA48BA7003CD62C /* ConvexAuth0 */,
			);
			productName = WorkoutTracker;
			productReference = AAD575C02CA3172C00BFCAEF /* WorkoutTracker.app */;
			productType = "com.apple.product-type.application";
		};
		AAD575CF2CA3172F00BFCAEF /* WorkoutTrackerTests */ = {
			isa = PBXNativeTarget;
			buildConfigurationList = AAD575E72CA3172F00BFCAEF /* Build configuration list for PBXNativeTarget "WorkoutTrackerTests" */;
			buildPhases = (
				AAD575CC2CA3172F00BFCAEF /* Sources */,
				AAD575CD2CA3172F00BFCAEF /* Frameworks */,
				AAD575CE2CA3172F00BFCAEF /* Resources */,
			);
			buildRules = (
			);
			dependencies = (
				AAD575D22CA3172F00BFCAEF /* PBXTargetDependency */,
			);
			fileSystemSynchronizedGroups = (
				AAD575D32CA3172F00BFCAEF /* WorkoutTrackerTests */,
			);
			name = WorkoutTrackerTests;
			packageProductDependencies = (
			);
			productName = WorkoutTrackerTests;
			productReference = AAD575D02CA3172F00BFCAEF /* WorkoutTrackerTests.xctest */;
			productType = "com.apple.product-type.bundle.unit-test";
		};
		AAD575D92CA3172F00BFCAEF /* WorkoutTrackerUITests */ = {
			isa = PBXNativeTarget;
			buildConfigurationList = AAD575EA2CA3172F00BFCAEF /* Build configuration list for PBXNativeTarget "WorkoutTrackerUITests" */;
			buildPhases = (
				AAD575D62CA3172F00BFCAEF /* Sources */,
				AAD575D72CA3172F00BFCAEF /* Frameworks */,
				AAD575D82CA3172F00BFCAEF /* Resources */,
			);
			buildRules = (
			);
			dependencies = (
				AAD575DC2CA3172F00BFCAEF /* PBXTargetDependency */,
			);
			fileSystemSynchronizedGroups = (
				AAD575DD2CA3172F00BFCAEF /* WorkoutTrackerUITests */,
			);
			name = WorkoutTrackerUITests;
			packageProductDependencies = (
			);
			productName = WorkoutTrackerUITests;
			productReference = AAD575DA2CA3172F00BFCAEF /* WorkoutTrackerUITests.xctest */;
			productType = "com.apple.product-type.bundle.ui-testing";
		};
/* End PBXNativeTarget section */

/* Begin PBXProject section */
		AAD575B82CA3172C00BFCAEF /* Project object */ = {
			isa = PBXProject;
			attributes = {
				BuildIndependentTargetsInParallel = 1;
				LastSwiftUpdateCheck = 1600;
				LastUpgradeCheck = 1600;
				TargetAttributes = {
					AAD575BF2CA3172C00BFCAEF = {
						CreatedOnToolsVersion = 16.0;
					};
					AAD575CF2CA3172F00BFCAEF = {
						CreatedOnToolsVersion = 16.0;
						TestTargetID = AAD575BF2CA3172C00BFCAEF;
					};
					AAD575D92CA3172F00BFCAEF = {
						CreatedOnToolsVersion = 16.0;
						TestTargetID = AAD575BF2CA3172C00BFCAEF;
					};
				};
			};
			buildConfigurationList = AAD575BB2CA3172C00BFCAEF /* Build configuration list for PBXProject "WorkoutTracker" */;
			developmentRegion = en;
			hasScannedForEncodings = 0;
			knownRegions = (
				en,
				Base,
			);
			mainGroup = AAD575B72CA3172C00BFCAEF;
			minimizedProjectReferenceProxies = 1;
			packageReferences = (
				AA41AC402CA48B9A003CD62C /* XCRemoteSwiftPackageReference "convex-swift" */,
				AA41AC432CA48BA7003CD62C /* XCRemoteSwiftPackageReference "convex-swift-auth0" */,
			);
			preferredProjectObjectVersion = 77;
			productRefGroup = AAD575C12CA3172C00BFCAEF /* Products */;
			projectDirPath = "";
			projectRoot = "";
			targets = (
				AAD575BF2CA3172C00BFCAEF /* WorkoutTracker */,
				AAD575CF2CA3172F00BFCAEF /* WorkoutTrackerTests */,
				AAD575D92CA3172F00BFCAEF /* WorkoutTrackerUITests */,
			);
		};
/* End PBXProject section */

/* Begin PBXResourcesBuildPhase section */
		AAD575BE2CA3172C00BFCAEF /* Resources */ = {
			isa = PBXResourcesBuildPhase;
			buildActionMask = 2147483647;
			files = (
			);
			runOnlyForDeploymentPostprocessing = 0;
		};
		AAD575CE2CA3172F00BFCAEF /* Resources */ = {
			isa = PBXResourcesBuildPhase;
			buildActionMask = 2147483647;
			files = (
			);
			runOnlyForDeploymentPostprocessing = 0;
		};
		AAD575D82CA3172F00BFCAEF /* Resources */ = {
			isa = PBXResourcesBuildPhase;
			buildActionMask = 2147483647;
			files = (
			);
			runOnlyForDeploymentPostprocessing = 0;
		};
/* End PBXResourcesBuildPhase section */

/* Begin PBXSourcesBuildPhase section */
		AAD575BC2CA3172C00BFCAEF /* Sources */ = {
			isa = PBXSourcesBuildPhase;
			buildActionMask = 2147483647;
			files = (
			);
			runOnlyForDeploymentPostprocessing = 0;
		};
		AAD575CC2CA3172F00BFCAEF /* Sources */ = {
			isa = PBXSourcesBuildPhase;
			buildActionMask = 2147483647;
			files = (
			);
			runOnlyForDeploymentPostprocessing = 0;
		};
		AAD575D62CA3172F00BFCAEF /* Sources */ = {
			isa = PBXSourcesBuildPhase;
			buildActionMask = 2147483647;
			files = (
			);
			runOnlyForDeploymentPostprocessing = 0;
		};
/* End PBXSourcesBuildPhase section */

/* Begin PBXTargetDependency section */
		AAD575D22CA3172F00BFCAEF /* PBXTargetDependency */ = {
			isa = PBXTargetDependency;
			target = AAD575BF2CA3172C00BFCAEF /* WorkoutTracker */;
			targetProxy = AAD575D12CA3172F00BFCAEF /* PBXContainerItemProxy */;
		};
		AAD575DC2CA3172F00BFCAEF /* PBXTargetDependency */ = {
			isa = PBXTargetDependency;
			target = AAD575BF2CA3172C00BFCAEF /* WorkoutTracker */;
			targetProxy = AAD575DB2CA3172F00BFCAEF /* PBXContainerItemProxy */;
		};
/* End PBXTargetDependency section */

/* Begin XCBuildConfiguration section */
		AAD575E22CA3172F00BFCAEF /* Debug */ = {
			isa = XCBuildConfiguration;
			buildSettings = {
				ALWAYS_SEARCH_USER_PATHS = NO;
				ASSETCATALOG_COMPILER_GENERATE_SWIFT_ASSET_SYMBOL_EXTENSIONS = YES;
				CLANG_ANALYZER_NONNULL = YES;
				CLANG_ANALYZER_NUMBER_OBJECT_CONVERSION = YES_AGGRESSIVE;
				CLANG_CXX_LANGUAGE_STANDARD = "gnu++20";
				CLANG_ENABLE_MODULES = YES;
				CLANG_ENABLE_OBJC_ARC = YES;
				CLANG_ENABLE_OBJC_WEAK = YES;
				CLANG_WARN_BLOCK_CAPTURE_AUTORELEASING = YES;
				CLANG_WARN_BOOL_CONVERSION = YES;
				CLANG_WARN_COMMA = YES;
				CLANG_WARN_CONSTANT_CONVERSION = YES;
				CLANG_WARN_DEPRECATED_OBJC_IMPLEMENTATIONS = YES;
				CLANG_WARN_DIRECT_OBJC_ISA_USAGE = YES_ERROR;
				CLANG_WARN_DOCUMENTATION_COMMENTS = YES;
				CLANG_WARN_EMPTY_BODY = YES;
				CLANG_WARN_ENUM_CONVERSION = YES;
				CLANG_WARN_INFINITE_RECURSION = YES;
				CLANG_WARN_INT_CONVERSION = YES;
				CLANG_WARN_NON_LITERAL_NULL_CONVERSION = YES;
				CLANG_WARN_OBJC_IMPLICIT_RETAIN_SELF = YES;
				CLANG_WARN_OBJC_LITERAL_CONVERSION = YES;
				CLANG_WARN_OBJC_ROOT_CLASS = YES_ERROR;
				CLANG_WARN_QUOTED_INCLUDE_IN_FRAMEWORK_HEADER = YES;
				CLANG_WARN_RANGE_LOOP_ANALYSIS = YES;
				CLANG_WARN_STRICT_PROTOTYPES = YES;
				CLANG_WARN_SUSPICIOUS_MOVE = YES;
				CLANG_WARN_UNGUARDED_AVAILABILITY = YES_AGGRESSIVE;
				CLANG_WARN_UNREACHABLE_CODE = YES;
				CLANG_WARN__DUPLICATE_METHOD_MATCH = YES;
				COPY_PHASE_STRIP = NO;
				DEBUG_INFORMATION_FORMAT = dwarf;
				ENABLE_STRICT_OBJC_MSGSEND = YES;
				ENABLE_TESTABILITY = YES;
				ENABLE_USER_SCRIPT_SANDBOXING = YES;
				GCC_C_LANGUAGE_STANDARD = gnu17;
				GCC_DYNAMIC_NO_PIC = NO;
				GCC_NO_COMMON_BLOCKS = YES;
				GCC_OPTIMIZATION_LEVEL = 0;
				GCC_PREPROCESSOR_DEFINITIONS = (
					"DEBUG=1",
					"$(inherited)",
				);
				GCC_WARN_64_TO_32_BIT_CONVERSION = YES;
				GCC_WARN_ABOUT_RETURN_TYPE = YES_ERROR;
				GCC_WARN_UNDECLARED_SELECTOR = YES;
				GCC_WARN_UNINITIALIZED_AUTOS = YES_AGGRESSIVE;
				GCC_WARN_UNUSED_FUNCTION = YES;
				GCC_WARN_UNUSED_VARIABLE = YES;
				IPHONEOS_DEPLOYMENT_TARGET = 18.0;
				LOCALIZATION_PREFERS_STRING_CATALOGS = YES;
				MTL_ENABLE_DEBUG_INFO = INCLUDE_SOURCE;
				MTL_FAST_MATH = YES;
				ONLY_ACTIVE_ARCH = YES;
				SDKROOT = iphoneos;
				SWIFT_ACTIVE_COMPILATION_CONDITIONS = "DEBUG $(inherited)";
				SWIFT_OPTIMIZATION_LEVEL = "-Onone";
			};
			name = Debug;
		};
		AAD575E32CA3172F00BFCAEF /* Release */ = {
			isa = XCBuildConfiguration;
			buildSettings = {
				ALWAYS_SEARCH_USER_PATHS = NO;
				ASSETCATALOG_COMPILER_GENERATE_SWIFT_ASSET_SYMBOL_EXTENSIONS = YES;
				CLANG_ANALYZER_NONNULL = YES;
				CLANG_ANALYZER_NUMBER_OBJECT_CONVERSION = YES_AGGRESSIVE;
				CLANG_CXX_LANGUAGE_STANDARD = "gnu++20";
				CLANG_ENABLE_MODULES = YES;
				CLANG_ENABLE_OBJC_ARC = YES;
				CLANG_ENABLE_OBJC_WEAK = YES;
				CLANG_WARN_BLOCK_CAPTURE_AUTORELEASING = YES;
				CLANG_WARN_BOOL_CONVERSION = YES;
				CLANG_WARN_COMMA = YES;
				CLANG_WARN_CONSTANT_CONVERSION = YES;
				CLANG_WARN_DEPRECATED_OBJC_IMPLEMENTATIONS = YES;
				CLANG_WARN_DIRECT_OBJC_ISA_USAGE = YES_ERROR;
				CLANG_WARN_DOCUMENTATION_COMMENTS = YES;
				CLANG_WARN_EMPTY_BODY = YES;
				CLANG_WARN_ENUM_CONVERSION = YES;
				CLANG_WARN_INFINITE_RECURSION = YES;
				CLANG_WARN_INT_CONVERSION = YES;
				CLANG_WARN_NON_LITERAL_NULL_CONVERSION = YES;
				CLANG_WARN_OBJC_IMPLICIT_RETAIN_SELF = YES;
				CLANG_WARN_OBJC_LITERAL_CONVERSION = YES;
				CLANG_WARN_OBJC_ROOT_CLASS = YES_ERROR;
				CLANG_WARN_QUOTED_INCLUDE_IN_FRAMEWORK_HEADER = YES;
				CLANG_WARN_RANGE_LOOP_ANALYSIS = YES;
				CLANG_WARN_STRICT_PROTOTYPES = YES;
				CLANG_WARN_SUSPICIOUS_MOVE = YES;
				CLANG_WARN_UNGUARDED_AVAILABILITY = YES_AGGRESSIVE;
				CLANG_WARN_UNREACHABLE_CODE = YES;
				CLANG_WARN__DUPLICATE_METHOD_MATCH = YES;
				COPY_PHASE_STRIP = NO;
				DEBUG_INFORMATION_FORMAT = "dwarf-with-dsym";
				ENABLE_NS_ASSERTIONS = NO;
				ENABLE_STRICT_OBJC_MSGSEND = YES;
				ENABLE_USER_SCRIPT_SANDBOXING = YES;
				GCC_C_LANGUAGE_STANDARD = gnu17;
				GCC_NO_COMMON_BLOCKS = YES;
				GCC_WARN_64_TO_32_BIT_CONVERSION = YES;
				GCC_WARN_ABOUT_RETURN_TYPE = YES_ERROR;
				GCC_WARN_UNDECLARED_SELECTOR = YES;
				GCC_WARN_UNINITIALIZED_AUTOS = YES_AGGRESSIVE;
				GCC_WARN_UNUSED_FUNCTION = YES;
				GCC_WARN_UNUSED_VARIABLE = YES;
				IPHONEOS_DEPLOYMENT_TARGET = 18.0;
				LOCALIZATION_PREFERS_STRING_CATALOGS = YES;
				MTL_ENABLE_DEBUG_INFO = NO;
				MTL_FAST_MATH = YES;
				SDKROOT = iphoneos;
				SWIFT_COMPILATION_MODE = wholemodule;
				VALIDATE_PRODUCT = YES;
			};
			name = Release;
		};
		AAD575E52CA3172F00BFCAEF /* Debug */ = {
			isa = XCBuildConfiguration;
			buildSettings = {
				ASSETCATALOG_COMPILER_APPICON_NAME = AppIcon;
				ASSETCATALOG_COMPILER_GLOBAL_ACCENT_COLOR_NAME = AccentColor;
				ASSETCATALOG_COMPILER_INCLUDE_ALL_APPICON_ASSETS = NO;
				CODE_SIGN_STYLE = Automatic;
				CURRENT_PROJECT_VERSION = 1;
				DEVELOPMENT_ASSET_PATHS = "\"WorkoutTracker/Preview Content\"";
				DEVELOPMENT_TEAM = 5Q9584Z68Y;
				ENABLE_PREVIEWS = YES;
				GENERATE_INFOPLIST_FILE = YES;
				INFOPLIST_FILE = WorkoutTracker/Info.plist;
				INFOPLIST_KEY_UIApplicationSceneManifest_Generation = YES;
				INFOPLIST_KEY_UIApplicationSupportsIndirectInputEvents = YES;
				INFOPLIST_KEY_UILaunchStoryboardName = "";
				INFOPLIST_KEY_UISupportedInterfaceOrientations_iPad = "UIInterfaceOrientationPortrait UIInterfaceOrientationPortraitUpsideDown UIInterfaceOrientationLandscapeLeft UIInterfaceOrientationLandscapeRight";
				INFOPLIST_KEY_UISupportedInterfaceOrientations_iPhone = "UIInterfaceOrientationPortrait UIInterfaceOrientationLandscapeLeft UIInterfaceOrientationLandscapeRight";
				LD_RUNPATH_SEARCH_PATHS = (
					"$(inherited)",
					"@executable_path/Frameworks",
				);
				MARKETING_VERSION = 1.0;
				PRODUCT_BUNDLE_IDENTIFIER = dev.convex.WorkoutTracker;
				PRODUCT_NAME = "$(TARGET_NAME)";
				SWIFT_EMIT_LOC_STRINGS = YES;
				SWIFT_VERSION = 5.0;
				TARGETED_DEVICE_FAMILY = "1,2";
			};
			name = Debug;
		};
		AAD575E62CA3172F00BFCAEF /* Release */ = {
			isa = XCBuildConfiguration;
			buildSettings = {
				ASSETCATALOG_COMPILER_APPICON_NAME = AppIcon;
				ASSETCATALOG_COMPILER_GLOBAL_ACCENT_COLOR_NAME = AccentColor;
				ASSETCATALOG_COMPILER_INCLUDE_ALL_APPICON_ASSETS = NO;
				CODE_SIGN_STYLE = Automatic;
				CURRENT_PROJECT_VERSION = 1;
				DEVELOPMENT_ASSET_PATHS = "\"WorkoutTracker/Preview Content\"";
				DEVELOPMENT_TEAM = 5Q9584Z68Y;
				ENABLE_PREVIEWS = YES;
				GENERATE_INFOPLIST_FILE = YES;
				INFOPLIST_FILE = WorkoutTracker/Info.plist;
				INFOPLIST_KEY_UIApplicationSceneManifest_Generation = YES;
				INFOPLIST_KEY_UIApplicationSupportsIndirectInputEvents = YES;
				INFOPLIST_KEY_UILaunchStoryboardName = "";
				INFOPLIST_KEY_UISupportedInterfaceOrientations_iPad = "UIInterfaceOrientationPortrait UIInterfaceOrientationPortraitUpsideDown UIInterfaceOrientationLandscapeLeft UIInterfaceOrientationLandscapeRight";
				INFOPLIST_KEY_UISupportedInterfaceOrientations_iPhone = "UIInterfaceOrientationPortrait UIInterfaceOrientationLandscapeLeft UIInterfaceOrientationLandscapeRight";
				LD_RUNPATH_SEARCH_PATHS = (
					"$(inherited)",
					"@executable_path/Frameworks",
				);
				MARKETING_VERSION = 1.0;
				PRODUCT_BUNDLE_IDENTIFIER = dev.convex.WorkoutTracker;
				PRODUCT_NAME = "$(TARGET_NAME)";
				SWIFT_EMIT_LOC_STRINGS = YES;
				SWIFT_VERSION = 5.0;
				TARGETED_DEVICE_FAMILY = "1,2";
			};
			name = Release;
		};
		AAD575E82CA3172F00BFCAEF /* Debug */ = {
			isa = XCBuildConfiguration;
			buildSettings = {
				BUNDLE_LOADER = "$(TEST_HOST)";
				CODE_SIGN_STYLE = Automatic;
				CURRENT_PROJECT_VERSION = 1;
				DEVELOPMENT_TEAM = 5Q9584Z68Y;
				GENERATE_INFOPLIST_FILE = YES;
				IPHONEOS_DEPLOYMENT_TARGET = 18.0;
				MARKETING_VERSION = 1.0;
				PRODUCT_BUNDLE_IDENTIFIER = dev.convex.WorkoutTrackerTests;
				PRODUCT_NAME = "$(TARGET_NAME)";
				SWIFT_EMIT_LOC_STRINGS = NO;
				SWIFT_VERSION = 5.0;
				TARGETED_DEVICE_FAMILY = "1,2";
				TEST_HOST = "$(BUILT_PRODUCTS_DIR)/WorkoutTracker.app/$(BUNDLE_EXECUTABLE_FOLDER_PATH)/WorkoutTracker";
			};
			name = Debug;
		};
		AAD575E92CA3172F00BFCAEF /* Release */ = {
			isa = XCBuildConfiguration;
			buildSettings = {
				BUNDLE_LOADER = "$(TEST_HOST)";
				CODE_SIGN_STYLE = Automatic;
				CURRENT_PROJECT_VERSION = 1;
				DEVELOPMENT_TEAM = 5Q9584Z68Y;
				GENERATE_INFOPLIST_FILE = YES;
				IPHONEOS_DEPLOYMENT_TARGET = 18.0;
				MARKETING_VERSION = 1.0;
				PRODUCT_BUNDLE_IDENTIFIER = dev.convex.WorkoutTrackerTests;
				PRODUCT_NAME = "$(TARGET_NAME)";
				SWIFT_EMIT_LOC_STRINGS = NO;
				SWIFT_VERSION = 5.0;
				TARGETED_DEVICE_FAMILY = "1,2";
				TEST_HOST = "$(BUILT_PRODUCTS_DIR)/WorkoutTracker.app/$(BUNDLE_EXECUTABLE_FOLDER_PATH)/WorkoutTracker";
			};
			name = Release;
		};
		AAD575EB2CA3172F00BFCAEF /* Debug */ = {
			isa = XCBuildConfiguration;
			buildSettings = {
				CODE_SIGN_STYLE = Automatic;
				CURRENT_PROJECT_VERSION = 1;
				DEVELOPMENT_TEAM = 5Q9584Z68Y;
				GENERATE_INFOPLIST_FILE = YES;
				MARKETING_VERSION = 1.0;
				PRODUCT_BUNDLE_IDENTIFIER = dev.convex.WorkoutTrackerUITests;
				PRODUCT_NAME = "$(TARGET_NAME)";
				SWIFT_EMIT_LOC_STRINGS = NO;
				SWIFT_VERSION = 5.0;
				TARGETED_DEVICE_FAMILY = "1,2";
				TEST_TARGET_NAME = WorkoutTracker;
			};
			name = Debug;
		};
		AAD575EC2CA3172F00BFCAEF /* Release */ = {
			isa = XCBuildConfiguration;
			buildSettings = {
				CODE_SIGN_STYLE = Automatic;
				CURRENT_PROJECT_VERSION = 1;
				DEVELOPMENT_TEAM = 5Q9584Z68Y;
				GENERATE_INFOPLIST_FILE = YES;
				MARKETING_VERSION = 1.0;
				PRODUCT_BUNDLE_IDENTIFIER = dev.convex.WorkoutTrackerUITests;
				PRODUCT_NAME = "$(TARGET_NAME)";
				SWIFT_EMIT_LOC_STRINGS = NO;
				SWIFT_VERSION = 5.0;
				TARGETED_DEVICE_FAMILY = "1,2";
				TEST_TARGET_NAME = WorkoutTracker;
			};
			name = Release;
		};
/* End XCBuildConfiguration section */

/* Begin XCConfigurationList section */
		AAD575BB2CA3172C00BFCAEF /* Build configuration list for PBXProject "WorkoutTracker" */ = {
			isa = XCConfigurationList;
			buildConfigurations = (
				AAD575E22CA3172F00BFCAEF /* Debug */,
				AAD575E32CA3172F00BFCAEF /* Release */,
			);
			defaultConfigurationIsVisible = 0;
			defaultConfigurationName = Release;
		};
		AAD575E42CA3172F00BFCAEF /* Build configuration list for PBXNativeTarget "WorkoutTracker" */ = {
			isa = XCConfigurationList;
			buildConfigurations = (
				AAD575E52CA3172F00BFCAEF /* Debug */,
				AAD575E62CA3172F00BFCAEF /* Release */,
			);
			defaultConfigurationIsVisible = 0;
			defaultConfigurationName = Release;
		};
		AAD575E72CA3172F00BFCAEF /* Build configuration list for PBXNativeTarget "WorkoutTrackerTests" */ = {
			isa = XCConfigurationList;
			buildConfigurations = (
				AAD575E82CA3172F00BFCAEF /* Debug */,
				AAD575E92CA3172F00BFCAEF /* Release */,
			);
			defaultConfigurationIsVisible = 0;
			defaultConfigurationName = Release;
		};
		AAD575EA2CA3172F00BFCAEF /* Build configuration list for PBXNativeTarget "WorkoutTrackerUITests" */ = {
			isa = XCConfigurationList;
			buildConfigurations = (
				AAD575EB2CA3172F00BFCAEF /* Debug */,
				AAD575EC2CA3172F00BFCAEF /* Release */,
			);
			defaultConfigurationIsVisible = 0;
			defaultConfigurationName = Release;
		};
/* End XCConfigurationList section */

/* Begin XCRemoteSwiftPackageReference section */
		AA41AC402CA48B9A003CD62C /* XCRemoteSwiftPackageReference "convex-swift" */ = {
			isa = XCRemoteSwiftPackageReference;
			repositoryURL = "https://github.com/get-convex/convex-swift";
			requirement = {
				kind = upToNextMajorVersion;
				minimumVersion = 0.4.1;
			};
		};
		AA41AC432CA48BA7003CD62C /* XCRemoteSwiftPackageReference "convex-swift-auth0" */ = {
			isa = XCRemoteSwiftPackageReference;
			repositoryURL = "https://github.com/get-convex/convex-swift-auth0";
			requirement = {
				kind = upToNextMajorVersion;
				minimumVersion = 0.2.2;
			};
		};
/* End XCRemoteSwiftPackageReference section */

/* Begin XCSwiftPackageProductDependency section */
		AA41AC112CA46C76003CD62C /* ConvexMobile */ = {
			isa = XCSwiftPackageProductDependency;
			productName = ConvexMobile;
		};
		AA41AC142CA46C8C003CD62C /* ConvexAuth0 */ = {
			isa = XCSwiftPackageProductDependency;
			productName = ConvexAuth0;
		};
		AA41AC412CA48B9A003CD62C /* ConvexMobile */ = {
			isa = XCSwiftPackageProductDependency;
			package = AA41AC402CA48B9A003CD62C /* XCRemoteSwiftPackageReference "convex-swift" */;
			productName = ConvexMobile;
		};
		AA41AC442CA48BA7003CD62C /* ConvexAuth0 */ = {
			isa = XCSwiftPackageProductDependency;
			package = AA41AC432CA48BA7003CD62C /* XCRemoteSwiftPackageReference "convex-swift-auth0" */;
			productName = ConvexAuth0;
		};
/* End XCSwiftPackageProductDependency section */
	};
	rootObject = AAD575B82CA3172C00BFCAEF /* Project object */;
}
