{
  "originHash" : "2f315b0525c5f5b8e1b6bc39018598e0aa316928a5929afd0d0df12344ba7025",
  "pins" : [
    {
      "identity" : "auth0.swift",
      "kind" : "remoteSourceControl",
      "location" : "https://github.com/auth0/Auth0.swift",
      "state" : {
        "revision" : "0d9c3f3241e3defad065409ac3a071ee1c5a7e8a",
        "version" : "2.9.0"
      }
    },
    {
      "identity" : "convex-swift",
      "kind" : "remoteSourceControl",
      "location" : "https://github.com/get-convex/convex-swift",
      "state" : {
        "revision" : "78d1ada04309de9ab48d01444801a565bf0bde09",
        "version" : "0.5.2"
      }
    },
    {
      "identity" : "convex-swift-auth0",
      "kind" : "remoteSourceControl",
      "location" : "https://github.com/get-convex/convex-swift-auth0",
      "state" : {
        "revision" : "b463fccf035ec02de6450026bfcbff722cd83d5d",
        "version" : "0.3.0"
      }
    },
    {
      "identity" : "jwtdecode.swift",
      "kind" : "remoteSourceControl",
      "location" : "https://github.com/auth0/JWTDecode.swift.git",
      "state" : {
        "revision" : "1e153ef009969543191970c66b7c60163c0b4a65",
        "version" : "3.2.0"
      }
    },
    {
      "identity" : "packagebuildinfo",
      "kind" : "remoteSourceControl",
      "location" : "https://github.com/DimaRU/PackageBuildInfo",
      "state" : {
        "revision" : "e61ce060c9a25594db2e1477b7202a4d015e255d",
        "version" : "1.0.2"
      }
    },
    {
      "identity" : "simplekeychain",
      "kind" : "remoteSourceControl",
      "location" : "https://github.com/auth0/SimpleKeychain.git",
      "state" : {
        "revision" : "b694f155907b189bc82e93586695a26f558c742f",
        "version" : "1.2.0"
      }
    }
  ],
  "version" : 3
}
